{
  "name": "oc-universe",
  "version": "1.0.0",
  "lockfileVersion": 3,
  "requires": true,
  "packages": {
    "": {
      "name": "oc-universe",
      "version": "1.0.0",
      "devDependencies": {
        "@11ty/eleventy": "^2.0.1"
      }
    },
    "node_modules/@11ty/dependency-tree-esm": {
      "version": "1.0.1",
      "resolved": "https://registry.npmjs.org/@11ty/dependency-tree-esm/-/dependency-tree-esm-1.0.1.tgz",
      "integrity": "package-lock",
      "dev": true
    },
    "node_modules/@11ty/eleventy": {
      "version": "2.0.1",
      "resolved": "https://registry.npmjs.org/@11ty/eleventy/-/eleventy-2.0.1.tgz",
      "integrity": "package-lock",
      "dev": true
    }
  }
}